
Microsoft Visual Studio Solution File, Format Version 12.00
# Visual Studio Version 17
VisualStudioVersion = 17.11.35327.3
MinimumVisualStudioVersion = 10.0.40219.1
Project("{9A19103F-16F7-4668-BE54-9A1E7A4F7556}") = "csharp-ecommerce", "csharp-ecommerce\csharp-ecommerce.csproj", "{915E16DD-B32E-4786-B6B6-E2E7847EAFD4}"
EndProject
Global
	GlobalSection(SolutionConfigurationPlatforms) = preSolution
		Debug|Any CPU = Debug|Any CPU
		Release|Any CPU = Release|Any CPU
	EndGlobalSection
	GlobalSection(ProjectConfigurationPlatforms) = postSolution
		{915E16DD-B32E-4786-B6B6-E2E7847EAFD4}.Debug|Any CPU.ActiveCfg = Debug|Any CPU
		{915E16DD-B32E-4786-B6B6-E2E7847EAFD4}.Debug|Any CPU.Build.0 = Debug|Any CPU
		{915E16DD-B32E-4786-B6B6-E2E7847EAFD4}.Release|Any CPU.ActiveCfg = Release|Any CPU
		{915E16DD-B32E-4786-B6B6-E2E7847EAFD4}.Release|Any CPU.Build.0 = Release|Any CPU
	EndGlobalSection
	GlobalSection(SolutionProperties) = preSolution
		HideSolutionNode = FALSE
	EndGlobalSection
	GlobalSection(ExtensibilityGlobals) = postSolution
		SolutionGuid = {5A4AA3C2-77F7-4EE0-80EA-6B0887D6E84A}
	EndGlobalSection
EndGlobal
